
Microsoft Visual Studio Solution File, Format Version 12.00
# Visual Studio Version 17
VisualStudioVersion = 17.8.34309.116
MinimumVisualStudioVersion = 10.0.40219.1
Project("{FAE04EC0-301F-11D3-BF4B-00C04F79EFBC}") = "RunGroupWebApp", "RunGroupWebApp\RunGroupWebApp.csproj", "{702C5670-A78A-4981-93AC-49C11899ECE4}"
EndProject
Global
	GlobalSection(SolutionConfigurationPlatforms) = preSolution
		Debug|Any CPU = Debug|Any CPU
		Release|Any CPU = Release|Any CPU
	EndGlobalSection
	GlobalSection(ProjectConfigurationPlatforms) = postSolution
		{702C5670-A78A-4981-93AC-49C11899ECE4}.Debug|Any CPU.ActiveCfg = Debug|Any CPU
		{702C5670-A78A-4981-93AC-49C11899ECE4}.Debug|Any CPU.Build.0 = Debug|Any CPU
		{702C5670-A78A-4981-93AC-49C11899ECE4}.Release|Any CPU.ActiveCfg = Release|Any CPU
		{702C5670-A78A-4981-93AC-49C11899ECE4}.Release|Any CPU.Build.0 = Release|Any CPU
	EndGlobalSection
	GlobalSection(SolutionProperties) = preSolution
		HideSolutionNode = FALSE
	EndGlobalSection
	GlobalSection(ExtensibilityGlobals) = postSolution
		SolutionGuid = {8E12E6CF-8175-4E30-8DFE-DF94AA9BBBF9}
	EndGlobalSection
EndGlobal
